{
  "version": 4,
  "terraform_version": "1.5.7",
  "serial": 4,
  "lineage": "5fe8dc7d-16eb-dca7-cc62-5950887ca9a1",
  "outputs": {},
  "resources": [
    {
      "mode": "managed",
      "type": "openstack_compute_instance_v2",
      "name": "dev_server",
      "provider": "provider[\"registry.terraform.io/terraform-provider-openstack/openstack\"]",
      "instances": [
        {
          "index_key": 0,
          "schema_version": 0,
          "attributes": {
            "access_ip_v4": "10.196.36.49",
            "access_ip_v6": "",
            "admin_pass": null,
            "all_metadata": {},
            "all_tags": [],
            "availability_zone": "nova",
            "availability_zone_hints": null,
            "block_device": [],
            "config_drive": null,
            "created": "2024-02-28 16:11:50 +0000 UTC",
            "flavor_id": "3a08c62b-a3c4-4414-b8c2-23e2bc4d42de",
            "flavor_name": "css.1c1r.10g",
            "floating_ip": null,
            "force_delete": false,
            "id": "41102cb2-68c1-4a5a-8b66-2db3b1a0e06b",
            "image_id": "6094568b-0d16-48a5-bc10-66645c361d4a",
            "image_name": "Ubuntu-22.04-LTS",
            "key_pair": "Bira_mac_key",
            "metadata": null,
            "name": "DevServer-0",
            "network": [
              {
                "access_network": false,
                "fixed_ip_v4": "10.196.36.49",
                "fixed_ip_v6": "",
                "floating_ip": "",
                "mac": "fa:16:3e:16:31:82",
                "name": "acit",
                "port": "",
                "uuid": "ca5c496c-0fa7-46f9-a798-3c4455bad65f"
              }
            ],
            "network_mode": null,
            "personality": [],
            "power_state": "active",
            "region": "RegionOne",
            "scheduler_hints": [],
            "security_groups": [
              "default"
            ],
            "stop_before_destroy": false,
            "tags": null,
            "timeouts": null,
            "updated": "2024-02-28 16:11:58 +0000 UTC",
            "user_data": null,
            "vendor_options": [],
            "volume": []
          },
          "sensitive_attributes": [],
          "private": "eyJlMmJmYjczMC1lY2FhLTExZTYtOGY4OC0zNDM2M2JjN2M0YzAiOnsiY3JlYXRlIjoxODAwMDAwMDAwMDAwLCJkZWxldGUiOjE4MDAwMDAwMDAwMDAsInVwZGF0ZSI6MTgwMDAwMDAwMDAwMH19"
        },
        {
          "index_key": 1,
          "schema_version": 0,
          "attributes": {
            "access_ip_v4": "10.196.36.134",
            "access_ip_v6": "",
            "admin_pass": null,
            "all_metadata": {},
            "all_tags": [],
            "availability_zone": "nova",
            "availability_zone_hints": null,
            "block_device": [],
            "config_drive": null,
            "created": "2024-02-28 16:11:50 +0000 UTC",
            "flavor_id": "3a08c62b-a3c4-4414-b8c2-23e2bc4d42de",
            "flavor_name": "css.1c1r.10g",
            "floating_ip": null,
            "force_delete": false,
            "id": "9d45adda-c343-4ce5-a434-a7d938aa37ca",
            "image_id": "6094568b-0d16-48a5-bc10-66645c361d4a",
            "image_name": "Ubuntu-22.04-LTS",
            "key_pair": "Bira_mac_key",
            "metadata": null,
            "name": "DevServer-1",
            "network": [
              {
                "access_network": false,
                "fixed_ip_v4": "10.196.36.134",
                "fixed_ip_v6": "",
                "floating_ip": "",
                "mac": "fa:16:3e:ff:4e:9f",
                "name": "acit",
                "port": "",
                "uuid": "ca5c496c-0fa7-46f9-a798-3c4455bad65f"
              }
            ],
            "network_mode": null,
            "personality": [],
            "power_state": "active",
            "region": "RegionOne",
            "scheduler_hints": [],
            "security_groups": [
              "default"
            ],
            "stop_before_destroy": false,
            "tags": null,
            "timeouts": null,
            "updated": "2024-02-28 16:11:57 +0000 UTC",
            "user_data": null,
            "vendor_options": [],
            "volume": []
          },
          "sensitive_attributes": [],
          "private": "eyJlMmJmYjczMC1lY2FhLTExZTYtOGY4OC0zNDM2M2JjN2M0YzAiOnsiY3JlYXRlIjoxODAwMDAwMDAwMDAwLCJkZWxldGUiOjE4MDAwMDAwMDAwMDAsInVwZGF0ZSI6MTgwMDAwMDAwMDAwMH19"
        }
      ]
    }
  ],
  "check_results": null
}
