{
  "version": 4,
  "terraform_version": "1.5.7",
  "serial": 1,
  "lineage": "98d4aa53-fc82-b75c-2ca1-b042adfea5c2",
  "outputs": {},
  "resources": [
    {
      "module": "module.Docker_server2",
      "mode": "managed",
      "type": "openstack_compute_instance_v2",
      "name": "docker_server",
      "provider": "module.Docker_server2.provider[\"registry.terraform.io/terraform-provider-openstack/openstack\"]",
      "instances": [
        {
          "schema_version": 0,
          "attributes": {
            "access_ip_v4": "10.196.36.185",
            "access_ip_v6": "",
            "admin_pass": null,
            "all_metadata": {},
            "all_tags": [],
            "availability_zone": "nova",
            "availability_zone_hints": null,
            "block_device": [],
            "config_drive": null,
            "created": "2024-02-24 13:34:41 +0000 UTC",
            "flavor_id": "c2a15475-e4e1-43c7-82f5-93ffe18f382b",
            "flavor_name": "css.2c4r.10g",
            "floating_ip": null,
            "force_delete": false,
            "id": "9e94f164-d3e2-4d5b-9634-20176a8e84f9",
            "image_id": "6094568b-0d16-48a5-bc10-66645c361d4a",
            "image_name": "Ubuntu-22.04-LTS",
            "key_pair": "Bira_mac_key",
            "metadata": null,
            "name": "DockerServer",
            "network": [
              {
                "access_network": false,
                "fixed_ip_v4": "10.196.36.185",
                "fixed_ip_v6": "",
                "floating_ip": "",
                "mac": "fa:16:3e:8d:da:2a",
                "name": "acit",
                "port": "",
                "uuid": "ca5c496c-0fa7-46f9-a798-3c4455bad65f"
              }
            ],
            "network_mode": null,
            "personality": [],
            "power_state": "active",
            "region": "RegionOne",
            "scheduler_hints": [],
            "security_groups": [
              "default"
            ],
            "stop_before_destroy": false,
            "tags": null,
            "timeouts": null,
            "updated": "2024-02-24 13:34:47 +0000 UTC",
            "user_data": null,
            "vendor_options": [],
            "volume": []
          },
          "sensitive_attributes": [],
          "private": "eyJlMmJmYjczMC1lY2FhLTExZTYtOGY4OC0zNDM2M2JjN2M0YzAiOnsiY3JlYXRlIjoxODAwMDAwMDAwMDAwLCJkZWxldGUiOjE4MDAwMDAwMDAwMDAsInVwZGF0ZSI6MTgwMDAwMDAwMDAwMH19"
        }
      ]
    }
  ],
  "check_results": null
}
