{
  "version": 4,
  "terraform_version": "1.5.7",
  "serial": 11,
  "lineage": "ccb77b5e-742c-89fb-4996-519611093ee3",
  "outputs": {},
  "resources": [
    {
      "module": "module.Development_server_emacs_jed_git",
      "mode": "managed",
      "type": "openstack_compute_instance_v2",
      "name": "dev_server",
      "provider": "module.Development_server_emacs_jed_git.provider[\"registry.terraform.io/terraform-provider-openstack/openstack\"]",
      "instances": [
        {
          "index_key": 0,
          "schema_version": 0,
          "attributes": {
            "access_ip_v4": "10.196.38.11",
            "access_ip_v6": "",
            "admin_pass": null,
            "all_metadata": {},
            "all_tags": [],
            "availability_zone": "nova",
            "availability_zone_hints": null,
            "block_device": [],
            "config_drive": null,
            "created": "2024-02-28 16:37:52 +0000 UTC",
            "flavor_id": "3a08c62b-a3c4-4414-b8c2-23e2bc4d42de",
            "flavor_name": "css.1c1r.10g",
            "floating_ip": null,
            "force_delete": false,
            "id": "baa0f99c-c9e2-4f05-8e22-fbbba5328d39",
            "image_id": "6094568b-0d16-48a5-bc10-66645c361d4a",
            "image_name": "Ubuntu-22.04-LTS",
            "key_pair": "Bira_mac_key",
            "metadata": null,
            "name": "DevServer-0",
            "network": [
              {
                "access_network": false,
                "fixed_ip_v4": "10.196.38.11",
                "fixed_ip_v6": "",
                "floating_ip": "",
                "mac": "fa:16:3e:5d:2f:2f",
                "name": "acit",
                "port": "",
                "uuid": "ca5c496c-0fa7-46f9-a798-3c4455bad65f"
              }
            ],
            "network_mode": null,
            "personality": [],
            "power_state": "active",
            "region": "RegionOne",
            "scheduler_hints": [],
            "security_groups": [
              "default"
            ],
            "stop_before_destroy": false,
            "tags": null,
            "timeouts": null,
            "updated": "2024-02-28 16:38:01 +0000 UTC",
            "user_data": null,
            "vendor_options": [],
            "volume": []
          },
          "sensitive_attributes": [],
          "private": "eyJlMmJmYjczMC1lY2FhLTExZTYtOGY4OC0zNDM2M2JjN2M0YzAiOnsiY3JlYXRlIjoxODAwMDAwMDAwMDAwLCJkZWxldGUiOjE4MDAwMDAwMDAwMDAsInVwZGF0ZSI6MTgwMDAwMDAwMDAwMH19"
        },
        {
          "index_key": 1,
          "schema_version": 0,
          "attributes": {
            "access_ip_v4": "10.196.38.137",
            "access_ip_v6": "",
            "admin_pass": null,
            "all_metadata": {},
            "all_tags": [],
            "availability_zone": "nova",
            "availability_zone_hints": null,
            "block_device": [],
            "config_drive": null,
            "created": "2024-02-28 16:37:52 +0000 UTC",
            "flavor_id": "3a08c62b-a3c4-4414-b8c2-23e2bc4d42de",
            "flavor_name": "css.1c1r.10g",
            "floating_ip": null,
            "force_delete": false,
            "id": "d8ea1819-ef64-4a8e-9627-15e4ff2c5c26",
            "image_id": "6094568b-0d16-48a5-bc10-66645c361d4a",
            "image_name": "Ubuntu-22.04-LTS",
            "key_pair": "Bira_mac_key",
            "metadata": null,
            "name": "DevServer-1",
            "network": [
              {
                "access_network": false,
                "fixed_ip_v4": "10.196.38.137",
                "fixed_ip_v6": "",
                "floating_ip": "",
                "mac": "fa:16:3e:09:21:d0",
                "name": "acit",
                "port": "",
                "uuid": "ca5c496c-0fa7-46f9-a798-3c4455bad65f"
              }
            ],
            "network_mode": null,
            "personality": [],
            "power_state": "active",
            "region": "RegionOne",
            "scheduler_hints": [],
            "security_groups": [
              "default"
            ],
            "stop_before_destroy": false,
            "tags": null,
            "timeouts": null,
            "updated": "2024-02-28 16:37:59 +0000 UTC",
            "user_data": null,
            "vendor_options": [],
            "volume": []
          },
          "sensitive_attributes": [],
          "private": "eyJlMmJmYjczMC1lY2FhLTExZTYtOGY4OC0zNDM2M2JjN2M0YzAiOnsiY3JlYXRlIjoxODAwMDAwMDAwMDAwLCJkZWxldGUiOjE4MDAwMDAwMDAwMDAsInVwZGF0ZSI6MTgwMDAwMDAwMDAwMH19"
        }
      ]
    },
    {
      "module": "module.Docker_server2",
      "mode": "managed",
      "type": "openstack_compute_instance_v2",
      "name": "docker_server",
      "provider": "module.Docker_server2.provider[\"registry.terraform.io/terraform-provider-openstack/openstack\"]",
      "instances": [
        {
          "schema_version": 0,
          "attributes": {
            "access_ip_v4": "10.196.36.211",
            "access_ip_v6": "",
            "admin_pass": null,
            "all_metadata": {},
            "all_tags": [],
            "availability_zone": "nova",
            "availability_zone_hints": null,
            "block_device": [],
            "config_drive": null,
            "created": "2024-02-28 16:37:52 +0000 UTC",
            "flavor_id": "c2a15475-e4e1-43c7-82f5-93ffe18f382b",
            "flavor_name": "css.2c4r.10g",
            "floating_ip": null,
            "force_delete": false,
            "id": "2d7d9c12-6d8e-405e-84d8-d03586a71164",
            "image_id": "6094568b-0d16-48a5-bc10-66645c361d4a",
            "image_name": "Ubuntu-22.04-LTS",
            "key_pair": "Bira_mac_key",
            "metadata": null,
            "name": "DockerServer",
            "network": [
              {
                "access_network": false,
                "fixed_ip_v4": "10.196.36.211",
                "fixed_ip_v6": "",
                "floating_ip": "",
                "mac": "fa:16:3e:e8:04:8e",
                "name": "acit",
                "port": "",
                "uuid": "ca5c496c-0fa7-46f9-a798-3c4455bad65f"
              }
            ],
            "network_mode": null,
            "personality": [],
            "power_state": "active",
            "region": "RegionOne",
            "scheduler_hints": [],
            "security_groups": [
              "default"
            ],
            "stop_before_destroy": false,
            "tags": null,
            "timeouts": null,
            "updated": "2024-02-28 16:38:02 +0000 UTC",
            "user_data": null,
            "vendor_options": [],
            "volume": []
          },
          "sensitive_attributes": [],
          "private": "eyJlMmJmYjczMC1lY2FhLTExZTYtOGY4OC0zNDM2M2JjN2M0YzAiOnsiY3JlYXRlIjoxODAwMDAwMDAwMDAwLCJkZWxldGUiOjE4MDAwMDAwMDAwMDAsInVwZGF0ZSI6MTgwMDAwMDAwMDAwMH19"
        }
      ]
    },
    {
      "module": "module.Storage_server_GlusterFS1",
      "mode": "managed",
      "type": "openstack_compute_instance_v2",
      "name": "glusterfs_server_1",
      "provider": "module.Storage_server_GlusterFS1.provider[\"registry.terraform.io/terraform-provider-openstack/openstack\"]",
      "instances": [
        {
          "index_key": 0,
          "status": "tainted",
          "schema_version": 0,
          "attributes": {
            "access_ip_v4": "10.196.36.203",
            "access_ip_v6": "",
            "admin_pass": null,
            "all_metadata": {},
            "all_tags": [],
            "availability_zone": "nova",
            "availability_zone_hints": null,
            "block_device": [],
            "config_drive": null,
            "created": "2024-02-28 16:37:52 +0000 UTC",
            "flavor_id": "c2a15475-e4e1-43c7-82f5-93ffe18f382b",
            "flavor_name": "css.2c4r.10g",
            "floating_ip": null,
            "force_delete": false,
            "id": "119516ad-784f-4972-942e-864a16ab767e",
            "image_id": "6094568b-0d16-48a5-bc10-66645c361d4a",
            "image_name": "Ubuntu-22.04-LTS",
            "key_pair": "Bira_mac_key",
            "metadata": null,
            "name": "glusterfs-server-0",
            "network": [
              {
                "access_network": false,
                "fixed_ip_v4": "10.196.36.203",
                "fixed_ip_v6": "",
                "floating_ip": "",
                "mac": "fa:16:3e:64:44:d2",
                "name": "acit",
                "port": "",
                "uuid": "ca5c496c-0fa7-46f9-a798-3c4455bad65f"
              }
            ],
            "network_mode": null,
            "personality": [],
            "power_state": "active",
            "region": "RegionOne",
            "scheduler_hints": [],
            "security_groups": [
              "default"
            ],
            "stop_before_destroy": false,
            "tags": null,
            "timeouts": null,
            "updated": "2024-02-28 16:37:59 +0000 UTC",
            "user_data": null,
            "vendor_options": [],
            "volume": []
          },
          "sensitive_attributes": [],
          "private": "eyJlMmJmYjczMC1lY2FhLTExZTYtOGY4OC0zNDM2M2JjN2M0YzAiOnsiY3JlYXRlIjoxODAwMDAwMDAwMDAwLCJkZWxldGUiOjE4MDAwMDAwMDAwMDAsInVwZGF0ZSI6MTgwMDAwMDAwMDAwMH19"
        },
        {
          "index_key": 1,
          "status": "tainted",
          "schema_version": 0,
          "attributes": {
            "access_ip_v4": "10.196.39.74",
            "access_ip_v6": "",
            "admin_pass": null,
            "all_metadata": {},
            "all_tags": [],
            "availability_zone": "nova",
            "availability_zone_hints": null,
            "block_device": [],
            "config_drive": null,
            "created": "2024-02-28 16:37:52 +0000 UTC",
            "flavor_id": "c2a15475-e4e1-43c7-82f5-93ffe18f382b",
            "flavor_name": "css.2c4r.10g",
            "floating_ip": null,
            "force_delete": false,
            "id": "1663b465-5e33-47a1-959a-156b8163d198",
            "image_id": "6094568b-0d16-48a5-bc10-66645c361d4a",
            "image_name": "Ubuntu-22.04-LTS",
            "key_pair": "Bira_mac_key",
            "metadata": null,
            "name": "glusterfs-server-1",
            "network": [
              {
                "access_network": false,
                "fixed_ip_v4": "10.196.39.74",
                "fixed_ip_v6": "",
                "floating_ip": "",
                "mac": "fa:16:3e:01:af:88",
                "name": "acit",
                "port": "",
                "uuid": "ca5c496c-0fa7-46f9-a798-3c4455bad65f"
              }
            ],
            "network_mode": null,
            "personality": [],
            "power_state": "active",
            "region": "RegionOne",
            "scheduler_hints": [],
            "security_groups": [
              "default"
            ],
            "stop_before_destroy": false,
            "tags": null,
            "timeouts": null,
            "updated": "2024-02-28 16:37:59 +0000 UTC",
            "user_data": null,
            "vendor_options": [],
            "volume": []
          },
          "sensitive_attributes": [],
          "private": "eyJlMmJmYjczMC1lY2FhLTExZTYtOGY4OC0zNDM2M2JjN2M0YzAiOnsiY3JlYXRlIjoxODAwMDAwMDAwMDAwLCJkZWxldGUiOjE4MDAwMDAwMDAwMDAsInVwZGF0ZSI6MTgwMDAwMDAwMDAwMH19"
        }
      ]
    }
  ],
  "check_results": null
}
