{
  "version": 4,
  "terraform_version": "1.5.7",
  "serial": 7,
  "lineage": "b0514947-0917-57b0-1f0b-7883055330f0",
  "outputs": {},
  "resources": [
    {
      "mode": "managed",
      "type": "openstack_compute_instance_v2",
      "name": "glusterfs_server_1",
      "provider": "provider[\"registry.terraform.io/terraform-provider-openstack/openstack\"]",
      "instances": [
        {
          "status": "tainted",
          "schema_version": 0,
          "attributes": {
            "access_ip_v4": "10.196.38.231",
            "access_ip_v6": "",
            "admin_pass": null,
            "all_metadata": {},
            "all_tags": [],
            "availability_zone": "nova",
            "availability_zone_hints": null,
            "block_device": [],
            "config_drive": null,
            "created": "2024-02-23 19:41:07 +0000 UTC",
            "flavor_id": "c2a15475-e4e1-43c7-82f5-93ffe18f382b",
            "flavor_name": "css.2c4r.10g",
            "floating_ip": null,
            "force_delete": false,
            "id": "8add8acc-2ea1-4df1-942f-75a41a3a55f7",
            "image_id": "6094568b-0d16-48a5-bc10-66645c361d4a",
            "image_name": "Ubuntu-22.04-LTS",
            "key_pair": "Bira_mac_key",
            "metadata": null,
            "name": "glusterfs-server-1",
            "network": [
              {
                "access_network": false,
                "fixed_ip_v4": "10.196.38.231",
                "fixed_ip_v6": "",
                "floating_ip": "",
                "mac": "fa:16:3e:90:41:e4",
                "name": "acit",
                "port": "",
                "uuid": "ca5c496c-0fa7-46f9-a798-3c4455bad65f"
              }
            ],
            "network_mode": null,
            "personality": [],
            "power_state": "active",
            "region": "RegionOne",
            "scheduler_hints": [],
            "security_groups": [
              "default"
            ],
            "stop_before_destroy": false,
            "tags": null,
            "timeouts": null,
            "updated": "2024-02-23 19:41:12 +0000 UTC",
            "user_data": null,
            "vendor_options": [],
            "volume": []
          },
          "sensitive_attributes": [],
          "private": "eyJlMmJmYjczMC1lY2FhLTExZTYtOGY4OC0zNDM2M2JjN2M0YzAiOnsiY3JlYXRlIjoxODAwMDAwMDAwMDAwLCJkZWxldGUiOjE4MDAwMDAwMDAwMDAsInVwZGF0ZSI6MTgwMDAwMDAwMDAwMH19"
        }
      ]
    }
  ],
  "check_results": null
}
